
Microsoft Visual Studio Solution File, Format Version 12.00
# Visual Studio Version 17
VisualStudioVersion = 17.12.35527.113
MinimumVisualStudioVersion = 10.0.40219.1
Project("{2150E333-8FDC-42A3-9474-1A3956D46DE8}") = "src", "src", "{FC9CE0EB-3153-45A9-95F8-E2D5B3645F04}"
EndProject
Project("{FAE04EC0-301F-11D3-BF4B-00C04F79EFBC}") = "RealBlank.Kernel", "src\Kernel\RealBlank.Kernel.csproj", "{0F52945D-B563-4298-A57A-86DC675E5B01}"
EndProject
Project("{2150E333-8FDC-42A3-9474-1A3956D46DE8}") = "Solution Items", "Solution Items", "{09A90371-1A0B-4DBF-A421-6C6C63B2E6F9}"
	ProjectSection(SolutionItems) = preProject
		.gitignore = .gitignore
		LICENSE = LICENSE
	EndProjectSection
EndProject
Project("{2150E333-8FDC-42A3-9474-1A3956D46DE8}") = "tests", "tests", "{115B4950-C535-47E1-9856-0C75F78360DA}"
EndProject
Global
	GlobalSection(SolutionConfigurationPlatforms) = preSolution
		Debug|Any CPU = Debug|Any CPU
		Release|Any CPU = Release|Any CPU
	EndGlobalSection
	GlobalSection(ProjectConfigurationPlatforms) = postSolution
		{0F52945D-B563-4298-A57A-86DC675E5B01}.Debug|Any CPU.ActiveCfg = Debug|Any CPU
		{0F52945D-B563-4298-A57A-86DC675E5B01}.Debug|Any CPU.Build.0 = Debug|Any CPU
		{0F52945D-B563-4298-A57A-86DC675E5B01}.Release|Any CPU.ActiveCfg = Release|Any CPU
		{0F52945D-B563-4298-A57A-86DC675E5B01}.Release|Any CPU.Build.0 = Release|Any CPU
	EndGlobalSection
	GlobalSection(SolutionProperties) = preSolution
		HideSolutionNode = FALSE
	EndGlobalSection
	GlobalSection(NestedProjects) = preSolution
		{0F52945D-B563-4298-A57A-86DC675E5B01} = {FC9CE0EB-3153-45A9-95F8-E2D5B3645F04}
	EndGlobalSection
EndGlobal
